
Microsoft Visual Studio Solution File, Format Version 12.00
# Visual Studio Version 16
VisualStudioVersion = 16.0.29613.14
MinimumVisualStudioVersion = 10.0.40219.1
Project("{FAE04EC0-301F-11D3-BF4B-00C04F79EFBC}") = "Logistics", "Logistics\Logistics.csproj", "{D9EB188C-CBDC-48A3-970F-5EDC286A80C7}"
EndProject
Project("{FAE04EC0-301F-11D3-BF4B-00C04F79EFBC}") = "Logistics.Tests", "Logistics.Tests\Logistics.Tests.csproj", "{9DB7ABB0-92E6-44D5-9B94-C186E2D4CADF}"
EndProject
Global
	GlobalSection(SolutionConfigurationPlatforms) = preSolution
		Debug|Any CPU = Debug|Any CPU
		Release|Any CPU = Release|Any CPU
	EndGlobalSection
	GlobalSection(ProjectConfigurationPlatforms) = postSolution
		{D9EB188C-CBDC-48A3-970F-5EDC286A80C7}.Debug|Any CPU.ActiveCfg = Debug|Any CPU
		{D9EB188C-CBDC-48A3-970F-5EDC286A80C7}.Debug|Any CPU.Build.0 = Debug|Any CPU
		{D9EB188C-CBDC-48A3-970F-5EDC286A80C7}.Release|Any CPU.ActiveCfg = Release|Any CPU
		{D9EB188C-CBDC-48A3-970F-5EDC286A80C7}.Release|Any CPU.Build.0 = Release|Any CPU
		{9DB7ABB0-92E6-44D5-9B94-C186E2D4CADF}.Debug|Any CPU.ActiveCfg = Debug|Any CPU
		{9DB7ABB0-92E6-44D5-9B94-C186E2D4CADF}.Debug|Any CPU.Build.0 = Debug|Any CPU
		{9DB7ABB0-92E6-44D5-9B94-C186E2D4CADF}.Release|Any CPU.ActiveCfg = Release|Any CPU
		{9DB7ABB0-92E6-44D5-9B94-C186E2D4CADF}.Release|Any CPU.Build.0 = Release|Any CPU
	EndGlobalSection
	GlobalSection(SolutionProperties) = preSolution
		HideSolutionNode = FALSE
	EndGlobalSection
	GlobalSection(ExtensibilityGlobals) = postSolution
		SolutionGuid = {FDC0E8CE-87EF-40FA-A0A6-741D5BC6F5BB}
	EndGlobalSection
EndGlobal
